
Microsoft Visual Studio Solution File, Format Version 12.00
# Visual Studio Version 17
VisualStudioVersion = 17.10.35027.167
MinimumVisualStudioVersion = 10.0.40219.1
Project("{FAE04EC0-301F-11D3-BF4B-00C04F79EFBC}") = "ToDo", "ToDo\ToDo.csproj", "{0F38923C-90FA-4EFE-8BA9-6EA03B57C4EA}"
EndProject
Global
	GlobalSection(SolutionConfigurationPlatforms) = preSolution
		Debug|Any CPU = Debug|Any CPU
		Release|Any CPU = Release|Any CPU
	EndGlobalSection
	GlobalSection(ProjectConfigurationPlatforms) = postSolution
		{0F38923C-90FA-4EFE-8BA9-6EA03B57C4EA}.Debug|Any CPU.ActiveCfg = Debug|Any CPU
		{0F38923C-90FA-4EFE-8BA9-6EA03B57C4EA}.Debug|Any CPU.Build.0 = Debug|Any CPU
		{0F38923C-90FA-4EFE-8BA9-6EA03B57C4EA}.Release|Any CPU.ActiveCfg = Release|Any CPU
		{0F38923C-90FA-4EFE-8BA9-6EA03B57C4EA}.Release|Any CPU.Build.0 = Release|Any CPU
	EndGlobalSection
	GlobalSection(SolutionProperties) = preSolution
		HideSolutionNode = FALSE
	EndGlobalSection
	GlobalSection(ExtensibilityGlobals) = postSolution
		SolutionGuid = {2466E90F-0D16-46E2-AF82-B916053B7887}
	EndGlobalSection
EndGlobal
